// !$*UTF8*$!
{
	archiveVersion = 1;
	classes = {
	};
	objectVersion = 51;
	objects = {

/* Begin PBXBuildFile section */
		C40240242480193B00F715DC /* AppDelegate.swift in Sources */ = {isa = PBXBuildFile; fileRef = C40240232480193B00F715DC /* AppDelegate.swift */; };
		C40240282480193B00F715DC /* ViewController.swift in Sources */ = {isa = PBXBuildFile; fileRef = C40240272480193B00F715DC /* ViewController.swift */; };
		C402402B2480193B00F715DC /* Main.storyboard in Resources */ = {isa = PBXBuildFile; fileRef = C40240292480193B00F715DC /* Main.storyboard */; };
		C402402E2480193B00F715DC /* swiftTemplate.xcdatamodeld in Sources */ = {isa = PBXBuildFile; fileRef = C402402C2480193B00F715DC /* swiftTemplate.xcdatamodeld */; };
		C40240302480193E00F715DC /* Assets.xcassets in Resources */ = {isa = PBXBuildFile; fileRef = C402402F2480193E00F715DC /* Assets.xcassets */; };
		C40240332480193E00F715DC /* LaunchScreen.storyboard in Resources */ = {isa = PBXBuildFile; fileRef = C40240312480193E00F715DC /* LaunchScreen.storyboard */; };
		C402403C248164E300F715DC /* CoreDataManager.swift in Sources */ = {isa = PBXBuildFile; fileRef = C402403B248164E300F715DC /* CoreDataManager.swift */; };
		C402403F248381BE00F715DC /* Constant.swift in Sources */ = {isa = PBXBuildFile; fileRef = C402403E248381BE00F715DC /* Constant.swift */; };
		C402404124838BC300F715DC /* NetworkService.swift in Sources */ = {isa = PBXBuildFile; fileRef = C402404024838BC300F715DC /* NetworkService.swift */; };
		C4024044248390C800F715DC /* RequestAlertPlugin.swift in Sources */ = {isa = PBXBuildFile; fileRef = C4024043248390C800F715DC /* RequestAlertPlugin.swift */; };
		C4024046248392A300F715DC /* MyMoyaManager.swift in Sources */ = {isa = PBXBuildFile; fileRef = C4024045248392A300F715DC /* MyMoyaManager.swift */; };
		C4024049248393BC00F715DC /* BaseResponse.swift in Sources */ = {isa = PBXBuildFile; fileRef = C4024048248393BC00F715DC /* BaseResponse.swift */; };
		C402404E248394E200F715DC /* ext.swift in Sources */ = {isa = PBXBuildFile; fileRef = C402404D248394E200F715DC /* ext.swift */; };
		C4206F24248FFC2900F4537C /* FanceORFollowCell.swift in Sources */ = {isa = PBXBuildFile; fileRef = C4206F22248FFC2900F4537C /* FanceORFollowCell.swift */; };
		C4206F25248FFC2900F4537C /* FanceORFollowCell.xib in Resources */ = {isa = PBXBuildFile; fileRef = C4206F23248FFC2900F4537C /* FanceORFollowCell.xib */; };
		C43157CF2483994F0034A74E /* CALayer+MyColor.m in Sources */ = {isa = PBXBuildFile; fileRef = C43157CE2483994F0034A74E /* CALayer+MyColor.m */; };
		C43157D3248399FE0034A74E /* BaseViewController.swift in Sources */ = {isa = PBXBuildFile; fileRef = C43157D2248399FE0034A74E /* BaseViewController.swift */; };
		C43157D524839AC30034A74E /* BaseTabViewController.swift in Sources */ = {isa = PBXBuildFile; fileRef = C43157D424839AC30034A74E /* BaseTabViewController.swift */; };
		C43157D724839BDB0034A74E /* MainTabController.swift in Sources */ = {isa = PBXBuildFile; fileRef = C43157D624839BDB0034A74E /* MainTabController.swift */; };
		C43157D924839C290034A74E /* FlashScreenViewController.swift in Sources */ = {isa = PBXBuildFile; fileRef = C43157D824839C290034A74E /* FlashScreenViewController.swift */; };
		C43157DB24839C580034A74E /* TabHomeViewController.swift in Sources */ = {isa = PBXBuildFile; fileRef = C43157DA24839C580034A74E /* TabHomeViewController.swift */; };
		C43157DD24839C670034A74E /* TabMineViewController.swift in Sources */ = {isa = PBXBuildFile; fileRef = C43157DC24839C670034A74E /* TabMineViewController.swift */; };
		C43157E024839C880034A74E /* LoginViewController.swift in Sources */ = {isa = PBXBuildFile; fileRef = C43157DF24839C880034A74E /* LoginViewController.swift */; };
		C43157E224839C960034A74E /* RegisterViewController.swift in Sources */ = {isa = PBXBuildFile; fileRef = C43157E124839C960034A74E /* RegisterViewController.swift */; };
		C43157E424839CAB0034A74E /* AboutUsViewController.swift in Sources */ = {isa = PBXBuildFile; fileRef = C43157E324839CAB0034A74E /* AboutUsViewController.swift */; };
		C43157E62483A1F60034A74E /* LoginNavViewController.swift in Sources */ = {isa = PBXBuildFile; fileRef = C43157E52483A1F60034A74E /* LoginNavViewController.swift */; };
		C43157E82483A47D0034A74E /* KeychainManager.swift in Sources */ = {isa = PBXBuildFile; fileRef = C43157E72483A47D0034A74E /* KeychainManager.swift */; };
		C43157EA2483AF570034A74E /* TextUntils.swift in Sources */ = {isa = PBXBuildFile; fileRef = C43157E92483AF570034A74E /* TextUntils.swift */; };
		C43157EC2483B16B0034A74E /* RequestBody.swift in Sources */ = {isa = PBXBuildFile; fileRef = C43157EB2483B16B0034A74E /* RequestBody.swift */; };
		C43157EE2483DA810034A74E /* UserInfoHelper.swift in Sources */ = {isa = PBXBuildFile; fileRef = C43157ED2483DA810034A74E /* UserInfoHelper.swift */; };
		C43157F32483DF5B0034A74E /* TabHomeNovelCell.swift in Sources */ = {isa = PBXBuildFile; fileRef = C43157F12483DF5B0034A74E /* TabHomeNovelCell.swift */; };
		C43157F42483DF5B0034A74E /* TabHomeNovelCell.xib in Resources */ = {isa = PBXBuildFile; fileRef = C43157F22483DF5B0034A74E /* TabHomeNovelCell.xib */; };
		C43FDF7B248E88C30023E3F2 /* TabFriendsViewController.swift in Sources */ = {isa = PBXBuildFile; fileRef = C43FDF7A248E88C30023E3F2 /* TabFriendsViewController.swift */; };
		C43FDF7D248E89170023E3F2 /* TabDynamicViewController.swift in Sources */ = {isa = PBXBuildFile; fileRef = C43FDF7C248E89170023E3F2 /* TabDynamicViewController.swift */; };
		C44E81BE24A33AE9000BD888 /* BTMMyQRCodeViewController.swift in Sources */ = {isa = PBXBuildFile; fileRef = C44E81BD24A33AE9000BD888 /* BTMMyQRCodeViewController.swift */; };
		C44E81C524A367D3000BD888 /* FanceInfoHeaderCell.swift in Sources */ = {isa = PBXBuildFile; fileRef = C44E81C324A367D3000BD888 /* FanceInfoHeaderCell.swift */; };
		C44E81C624A367D3000BD888 /* FanceInfoHeaderCell.xib in Resources */ = {isa = PBXBuildFile; fileRef = C44E81C424A367D3000BD888 /* FanceInfoHeaderCell.xib */; };
		C44E81CB24A37CA3000BD888 /* ScanQrcodeViewController.swift in Sources */ = {isa = PBXBuildFile; fileRef = C44E81C924A37CA3000BD888 /* ScanQrcodeViewController.swift */; };
		C44E81CE24A38006000BD888 /* sdc.gif in Resources */ = {isa = PBXBuildFile; fileRef = C44E81CD24A38006000BD888 /* sdc.gif */; };
		C44E81D224A38A29000BD888 /* NewLogin.storyboard in Resources */ = {isa = PBXBuildFile; fileRef = C44E81D124A38A29000BD888 /* NewLogin.storyboard */; };
		C4AEB30024985F9D00196DAE /* SendPostViewController.swift in Sources */ = {isa = PBXBuildFile; fileRef = C4AEB2FF24985F9D00196DAE /* SendPostViewController.swift */; };
		C4AEB304249863EF00196DAE /* UploadImageCollectionViewCell.swift in Sources */ = {isa = PBXBuildFile; fileRef = C4AEB302249863EF00196DAE /* UploadImageCollectionViewCell.swift */; };
		C4AEB305249863EF00196DAE /* UploadImageCollectionViewCell.xib in Resources */ = {isa = PBXBuildFile; fileRef = C4AEB303249863EF00196DAE /* UploadImageCollectionViewCell.xib */; };
		C4AEB30724986C0400196DAE /* CollectionViewLeftFlowLayout.swift in Sources */ = {isa = PBXBuildFile; fileRef = C4AEB30624986C0400196DAE /* CollectionViewLeftFlowLayout.swift */; };
		C4AEB30C2498A7B500196DAE /* FancesInfoViewController.swift in Sources */ = {isa = PBXBuildFile; fileRef = C4AEB30B2498A7B500196DAE /* FancesInfoViewController.swift */; };
		C4AEFCD9248BF09E0080904E /* MineItemViewCell.swift in Sources */ = {isa = PBXBuildFile; fileRef = C4AEFCD7248BF09E0080904E /* MineItemViewCell.swift */; };
		C4AEFCDA248BF09E0080904E /* MineItemViewCell.xib in Resources */ = {isa = PBXBuildFile; fileRef = C4AEFCD8248BF09E0080904E /* MineItemViewCell.xib */; };
		C4AEFCDD248BF0BD0080904E /* MineUserInfoViewCell.swift in Sources */ = {isa = PBXBuildFile; fileRef = C4AEFCDB248BF0BD0080904E /* MineUserInfoViewCell.swift */; };
		C4AEFCDE248BF0BD0080904E /* MineUserInfoViewCell.xib in Resources */ = {isa = PBXBuildFile; fileRef = C4AEFCDC248BF0BD0080904E /* MineUserInfoViewCell.xib */; };
		C4AEFCE1248C92D40080904E /* BTMMineEdUserController.swift in Sources */ = {isa = PBXBuildFile; fileRef = C4AEFCE0248C92D40080904E /* BTMMineEdUserController.swift */; };
		C4AEFCE3248C92F50080904E /* BTMMinePostController.swift in Sources */ = {isa = PBXBuildFile; fileRef = C4AEFCE2248C92F50080904E /* BTMMinePostController.swift */; };
		C4AEFCE5248CA8160080904E /* BTMUserInfoController.swift in Sources */ = {isa = PBXBuildFile; fileRef = C4AEFCE4248CA8160080904E /* BTMUserInfoController.swift */; };
		C4AEFCE9248CAA310080904E /* BTMUserIconCell.swift in Sources */ = {isa = PBXBuildFile; fileRef = C4AEFCE7248CAA310080904E /* BTMUserIconCell.swift */; };
		C4AEFCEA248CAA310080904E /* BTMUserIconCell.xib in Resources */ = {isa = PBXBuildFile; fileRef = C4AEFCE8248CAA310080904E /* BTMUserIconCell.xib */; };
		C4AEFCED248CAB620080904E /* BTMUserItemCell.swift in Sources */ = {isa = PBXBuildFile; fileRef = C4AEFCEB248CAB620080904E /* BTMUserItemCell.swift */; };
		C4AEFCEE248CAB620080904E /* BTMUserItemCell.xib in Resources */ = {isa = PBXBuildFile; fileRef = C4AEFCEC248CAB620080904E /* BTMUserItemCell.xib */; };
		C4AEFCF0248CACE30080904E /* BTMCleanHeader.swift in Sources */ = {isa = PBXBuildFile; fileRef = C4AEFCEF248CACE30080904E /* BTMCleanHeader.swift */; };
		C4AEFCF2248CAD070080904E /* BTMCleanHeader.xib in Resources */ = {isa = PBXBuildFile; fileRef = C4AEFCF1248CAD070080904E /* BTMCleanHeader.xib */; };
		C4AEFCF4248CBAC60080904E /* PermissionHelper.swift in Sources */ = {isa = PBXBuildFile; fileRef = C4AEFCF3248CBAC60080904E /* PermissionHelper.swift */; };
		C4AEFCF6248E48C30080904E /* BTMMyPostViewController.swift in Sources */ = {isa = PBXBuildFile; fileRef = C4AEFCF5248E48C30080904E /* BTMMyPostViewController.swift */; };
		C4AEFCFA248E4B330080904E /* BTMMyFanceFollowViewController.swift in Sources */ = {isa = PBXBuildFile; fileRef = C4AEFCF9248E4B330080904E /* BTMMyFanceFollowViewController.swift */; };
		C4FDACA5249E2B7A0095F1E3 /* MainPostCell.swift in Sources */ = {isa = PBXBuildFile; fileRef = C4FDACA3249E2B7A0095F1E3 /* MainPostCell.swift */; };
		C4FDACA6249E2B7A0095F1E3 /* MainPostCell.xib in Resources */ = {isa = PBXBuildFile; fileRef = C4FDACA4249E2B7A0095F1E3 /* MainPostCell.xib */; };
		C4FDACAA249EF1F60095F1E3 /* PostBannerImageCell.swift in Sources */ = {isa = PBXBuildFile; fileRef = C4FDACA8249EF1F60095F1E3 /* PostBannerImageCell.swift */; };
		C4FDACAB249EF1F60095F1E3 /* PostBannerImageCell.xib in Resources */ = {isa = PBXBuildFile; fileRef = C4FDACA9249EF1F60095F1E3 /* PostBannerImageCell.xib */; };
		C4FDACAE249F49010095F1E3 /* MyPictureViewController.swift in Sources */ = {isa = PBXBuildFile; fileRef = C4FDACAD249F49010095F1E3 /* MyPictureViewController.swift */; };
		C4FDACB0249F491C0095F1E3 /* MyAddressViewController.swift in Sources */ = {isa = PBXBuildFile; fileRef = C4FDACAF249F491C0095F1E3 /* MyAddressViewController.swift */; };
		C4FDACB2249F49380095F1E3 /* MyFriendsViewController.swift in Sources */ = {isa = PBXBuildFile; fileRef = C4FDACB1249F49380095F1E3 /* MyFriendsViewController.swift */; };
		C4FDACB4249F49500095F1E3 /* MyMessageViewController.swift in Sources */ = {isa = PBXBuildFile; fileRef = C4FDACB3249F49500095F1E3 /* MyMessageViewController.swift */; };
		C4FDACB6249F4A9F0095F1E3 /* MySettingViewController.swift in Sources */ = {isa = PBXBuildFile; fileRef = C4FDACB5249F4A9F0095F1E3 /* MySettingViewController.swift */; };
		C4FDACBE249FB5610095F1E3 /* DynamicCollectionViewCell.swift in Sources */ = {isa = PBXBuildFile; fileRef = C4FDACBC249FB5610095F1E3 /* DynamicCollectionViewCell.swift */; };
		C4FDACBF249FB5610095F1E3 /* DynamicCollectionViewCell.xib in Resources */ = {isa = PBXBuildFile; fileRef = C4FDACBD249FB5610095F1E3 /* DynamicCollectionViewCell.xib */; };
		C9AF910697E673BF178A1F0E /* Pods_swiftTemplate.framework in Frameworks */ = {isa = PBXBuildFile; fileRef = 96C494185AD3E08D4C8C3503 /* Pods_swiftTemplate.framework */; };
/* End PBXBuildFile section */

/* Begin PBXFileReference section */
		1E5E45611692D9DB9FE0A5CE /* Pods-swiftTemplate.debug.xcconfig */ = {isa = PBXFileReference; includeInIndex = 1; lastKnownFileType = text.xcconfig; name = "Pods-swiftTemplate.debug.xcconfig"; path = "Target Support Files/Pods-swiftTemplate/Pods-swiftTemplate.debug.xcconfig"; sourceTree = "<group>"; };
		96C494185AD3E08D4C8C3503 /* Pods_swiftTemplate.framework */ = {isa = PBXFileReference; explicitFileType = wrapper.framework; includeInIndex = 0; path = Pods_swiftTemplate.framework; sourceTree = BUILT_PRODUCTS_DIR; };
		C40240202480193B00F715DC /* swiftTemplate.app */ = {isa = PBXFileReference; explicitFileType = wrapper.application; includeInIndex = 0; path = swiftTemplate.app; sourceTree = BUILT_PRODUCTS_DIR; };
		C40240232480193B00F715DC /* AppDelegate.swift */ = {isa = PBXFileReference; lastKnownFileType = sourcecode.swift; path = AppDelegate.swift; sourceTree = "<group>"; };
		C40240272480193B00F715DC /* ViewController.swift */ = {isa = PBXFileReference; lastKnownFileType = sourcecode.swift; path = ViewController.swift; sourceTree = "<group>"; };
		C402402A2480193B00F715DC /* Base */ = {isa = PBXFileReference; lastKnownFileType = file.storyboard; name = Base; path = Base.lproj/Main.storyboard; sourceTree = "<group>"; };
		C402402D2480193B00F715DC /* swiftTemplate.xcdatamodel */ = {isa = PBXFileReference; lastKnownFileType = wrapper.xcdatamodel; path = swiftTemplate.xcdatamodel; sourceTree = "<group>"; };
		C402402F2480193E00F715DC /* Assets.xcassets */ = {isa = PBXFileReference; lastKnownFileType = folder.assetcatalog; path = Assets.xcassets; sourceTree = "<group>"; };
		C40240322480193E00F715DC /* Base */ = {isa = PBXFileReference; lastKnownFileType = file.storyboard; name = Base; path = Base.lproj/LaunchScreen.storyboard; sourceTree = "<group>"; };
		C40240342480193E00F715DC /* Info.plist */ = {isa = PBXFileReference; lastKnownFileType = text.plist.xml; path = Info.plist; sourceTree = "<group>"; };
		C402403B248164E300F715DC /* CoreDataManager.swift */ = {isa = PBXFileReference; lastKnownFileType = sourcecode.swift; path = CoreDataManager.swift; sourceTree = "<group>"; };
		C402403E248381BE00F715DC /* Constant.swift */ = {isa = PBXFileReference; lastKnownFileType = sourcecode.swift; path = Constant.swift; sourceTree = "<group>"; };
		C402404024838BC300F715DC /* NetworkService.swift */ = {isa = PBXFileReference; lastKnownFileType = sourcecode.swift; path = NetworkService.swift; sourceTree = "<group>"; };
		C4024043248390C800F715DC /* RequestAlertPlugin.swift */ = {isa = PBXFileReference; lastKnownFileType = sourcecode.swift; path = RequestAlertPlugin.swift; sourceTree = "<group>"; };
		C4024045248392A300F715DC /* MyMoyaManager.swift */ = {isa = PBXFileReference; lastKnownFileType = sourcecode.swift; path = MyMoyaManager.swift; sourceTree = "<group>"; };
		C4024048248393BC00F715DC /* BaseResponse.swift */ = {isa = PBXFileReference; lastKnownFileType = sourcecode.swift; path = BaseResponse.swift; sourceTree = "<group>"; };
		C402404D248394E200F715DC /* ext.swift */ = {isa = PBXFileReference; lastKnownFileType = sourcecode.swift; path = ext.swift; sourceTree = "<group>"; };
		C4206F22248FFC2900F4537C /* FanceORFollowCell.swift */ = {isa = PBXFileReference; lastKnownFileType = sourcecode.swift; path = FanceORFollowCell.swift; sourceTree = "<group>"; };
		C4206F23248FFC2900F4537C /* FanceORFollowCell.xib */ = {isa = PBXFileReference; lastKnownFileType = file.xib; path = FanceORFollowCell.xib; sourceTree = "<group>"; };
		C43157CC2483991E0034A74E /* swiftTemplate-Bridging-Header.h */ = {isa = PBXFileReference; lastKnownFileType = sourcecode.c.h; path = "swiftTemplate-Bridging-Header.h"; sourceTree = "<group>"; };
		C43157CE2483994F0034A74E /* CALayer+MyColor.m */ = {isa = PBXFileReference; lastKnownFileType = sourcecode.c.objc; path = "CALayer+MyColor.m"; sourceTree = "<group>"; };
		C43157D0248399690034A74E /* CALayer+MyColor.h */ = {isa = PBXFileReference; lastKnownFileType = sourcecode.c.h; path = "CALayer+MyColor.h"; sourceTree = "<group>"; };
		C43157D2248399FE0034A74E /* BaseViewController.swift */ = {isa = PBXFileReference; lastKnownFileType = sourcecode.swift; path = BaseViewController.swift; sourceTree = "<group>"; };
		C43157D424839AC30034A74E /* BaseTabViewController.swift */ = {isa = PBXFileReference; lastKnownFileType = sourcecode.swift; path = BaseTabViewController.swift; sourceTree = "<group>"; };
		C43157D624839BDB0034A74E /* MainTabController.swift */ = {isa = PBXFileReference; lastKnownFileType = sourcecode.swift; path = MainTabController.swift; sourceTree = "<group>"; };
		C43157D824839C290034A74E /* FlashScreenViewController.swift */ = {isa = PBXFileReference; lastKnownFileType = sourcecode.swift; path = FlashScreenViewController.swift; sourceTree = "<group>"; };
		C43157DA24839C580034A74E /* TabHomeViewController.swift */ = {isa = PBXFileReference; lastKnownFileType = sourcecode.swift; path = TabHomeViewController.swift; sourceTree = "<group>"; };
		C43157DC24839C670034A74E /* TabMineViewController.swift */ = {isa = PBXFileReference; lastKnownFileType = sourcecode.swift; path = TabMineViewController.swift; sourceTree = "<group>"; };
		C43157DF24839C880034A74E /* LoginViewController.swift */ = {isa = PBXFileReference; lastKnownFileType = sourcecode.swift; path = LoginViewController.swift; sourceTree = "<group>"; };
		C43157E124839C960034A74E /* RegisterViewController.swift */ = {isa = PBXFileReference; lastKnownFileType = sourcecode.swift; path = RegisterViewController.swift; sourceTree = "<group>"; };
		C43157E324839CAB0034A74E /* AboutUsViewController.swift */ = {isa = PBXFileReference; lastKnownFileType = sourcecode.swift; path = AboutUsViewController.swift; sourceTree = "<group>"; };
		C43157E52483A1F60034A74E /* LoginNavViewController.swift */ = {isa = PBXFileReference; lastKnownFileType = sourcecode.swift; path = LoginNavViewController.swift; sourceTree = "<group>"; };
		C43157E72483A47D0034A74E /* KeychainManager.swift */ = {isa = PBXFileReference; lastKnownFileType = sourcecode.swift; path = KeychainManager.swift; sourceTree = "<group>"; };
		C43157E92483AF570034A74E /* TextUntils.swift */ = {isa = PBXFileReference; lastKnownFileType = sourcecode.swift; path = TextUntils.swift; sourceTree = "<group>"; };
		C43157EB2483B16B0034A74E /* RequestBody.swift */ = {isa = PBXFileReference; lastKnownFileType = sourcecode.swift; path = RequestBody.swift; sourceTree = "<group>"; };
		C43157ED2483DA810034A74E /* UserInfoHelper.swift */ = {isa = PBXFileReference; lastKnownFileType = sourcecode.swift; path = UserInfoHelper.swift; sourceTree = "<group>"; };
		C43157F12483DF5B0034A74E /* TabHomeNovelCell.swift */ = {isa = PBXFileReference; lastKnownFileType = sourcecode.swift; path = TabHomeNovelCell.swift; sourceTree = "<group>"; };
		C43157F22483DF5B0034A74E /* TabHomeNovelCell.xib */ = {isa = PBXFileReference; lastKnownFileType = file.xib; path = TabHomeNovelCell.xib; sourceTree = "<group>"; };
		C43FDF7A248E88C30023E3F2 /* TabFriendsViewController.swift */ = {isa = PBXFileReference; lastKnownFileType = sourcecode.swift; path = TabFriendsViewController.swift; sourceTree = "<group>"; };
		C43FDF7C248E89170023E3F2 /* TabDynamicViewController.swift */ = {isa = PBXFileReference; lastKnownFileType = sourcecode.swift; path = TabDynamicViewController.swift; sourceTree = "<group>"; };
		C44E81BD24A33AE9000BD888 /* BTMMyQRCodeViewController.swift */ = {isa = PBXFileReference; lastKnownFileType = sourcecode.swift; path = BTMMyQRCodeViewController.swift; sourceTree = "<group>"; };
		C44E81C324A367D3000BD888 /* FanceInfoHeaderCell.swift */ = {isa = PBXFileReference; lastKnownFileType = sourcecode.swift; path = FanceInfoHeaderCell.swift; sourceTree = "<group>"; };
		C44E81C424A367D3000BD888 /* FanceInfoHeaderCell.xib */ = {isa = PBXFileReference; lastKnownFileType = file.xib; path = FanceInfoHeaderCell.xib; sourceTree = "<group>"; };
		C44E81C924A37CA3000BD888 /* ScanQrcodeViewController.swift */ = {isa = PBXFileReference; lastKnownFileType = sourcecode.swift; path = ScanQrcodeViewController.swift; sourceTree = "<group>"; };
		C44E81CD24A38006000BD888 /* sdc.gif */ = {isa = PBXFileReference; lastKnownFileType = image.gif; path = sdc.gif; sourceTree = "<group>"; };
		C44E81D124A38A29000BD888 /* NewLogin.storyboard */ = {isa = PBXFileReference; lastKnownFileType = file.storyboard; path = NewLogin.storyboard; sourceTree = "<group>"; };
		C4AEB2FF24985F9D00196DAE /* SendPostViewController.swift */ = {isa = PBXFileReference; lastKnownFileType = sourcecode.swift; path = SendPostViewController.swift; sourceTree = "<group>"; };
		C4AEB302249863EF00196DAE /* UploadImageCollectionViewCell.swift */ = {isa = PBXFileReference; lastKnownFileType = sourcecode.swift; path = UploadImageCollectionViewCell.swift; sourceTree = "<group>"; };
		C4AEB303249863EF00196DAE /* UploadImageCollectionViewCell.xib */ = {isa = PBXFileReference; lastKnownFileType = file.xib; path = UploadImageCollectionViewCell.xib; sourceTree = "<group>"; };
		C4AEB30624986C0400196DAE /* CollectionViewLeftFlowLayout.swift */ = {isa = PBXFileReference; lastKnownFileType = sourcecode.swift; path = CollectionViewLeftFlowLayout.swift; sourceTree = "<group>"; };
		C4AEB30B2498A7B500196DAE /* FancesInfoViewController.swift */ = {isa = PBXFileReference; lastKnownFileType = sourcecode.swift; path = FancesInfoViewController.swift; sourceTree = "<group>"; };
		C4AEFCD7248BF09E0080904E /* MineItemViewCell.swift */ = {isa = PBXFileReference; lastKnownFileType = sourcecode.swift; path = MineItemViewCell.swift; sourceTree = "<group>"; };
		C4AEFCD8248BF09E0080904E /* MineItemViewCell.xib */ = {isa = PBXFileReference; lastKnownFileType = file.xib; path = MineItemViewCell.xib; sourceTree = "<group>"; };
		C4AEFCDB248BF0BD0080904E /* MineUserInfoViewCell.swift */ = {isa = PBXFileReference; lastKnownFileType = sourcecode.swift; path = MineUserInfoViewCell.swift; sourceTree = "<group>"; };
		C4AEFCDC248BF0BD0080904E /* MineUserInfoViewCell.xib */ = {isa = PBXFileReference; lastKnownFileType = file.xib; path = MineUserInfoViewCell.xib; sourceTree = "<group>"; };
		C4AEFCE0248C92D40080904E /* BTMMineEdUserController.swift */ = {isa = PBXFileReference; lastKnownFileType = sourcecode.swift; path = BTMMineEdUserController.swift; sourceTree = "<group>"; };
		C4AEFCE2248C92F50080904E /* BTMMinePostController.swift */ = {isa = PBXFileReference; lastKnownFileType = sourcecode.swift; path = BTMMinePostController.swift; sourceTree = "<group>"; };
		C4AEFCE4248CA8160080904E /* BTMUserInfoController.swift */ = {isa = PBXFileReference; lastKnownFileType = sourcecode.swift; path = BTMUserInfoController.swift; sourceTree = "<group>"; };
		C4AEFCE7248CAA310080904E /* BTMUserIconCell.swift */ = {isa = PBXFileReference; lastKnownFileType = sourcecode.swift; path = BTMUserIconCell.swift; sourceTree = "<group>"; };
		C4AEFCE8248CAA310080904E /* BTMUserIconCell.xib */ = {isa = PBXFileReference; lastKnownFileType = file.xib; path = BTMUserIconCell.xib; sourceTree = "<group>"; };
		C4AEFCEB248CAB620080904E /* BTMUserItemCell.swift */ = {isa = PBXFileReference; lastKnownFileType = sourcecode.swift; path = BTMUserItemCell.swift; sourceTree = "<group>"; };
		C4AEFCEC248CAB620080904E /* BTMUserItemCell.xib */ = {isa = PBXFileReference; lastKnownFileType = file.xib; path = BTMUserItemCell.xib; sourceTree = "<group>"; };
		C4AEFCEF248CACE30080904E /* BTMCleanHeader.swift */ = {isa = PBXFileReference; lastKnownFileType = sourcecode.swift; path = BTMCleanHeader.swift; sourceTree = "<group>"; };
		C4AEFCF1248CAD070080904E /* BTMCleanHeader.xib */ = {isa = PBXFileReference; lastKnownFileType = file.xib; path = BTMCleanHeader.xib; sourceTree = "<group>"; };
		C4AEFCF3248CBAC60080904E /* PermissionHelper.swift */ = {isa = PBXFileReference; lastKnownFileType = sourcecode.swift; path = PermissionHelper.swift; sourceTree = "<group>"; };
		C4AEFCF5248E48C30080904E /* BTMMyPostViewController.swift */ = {isa = PBXFileReference; lastKnownFileType = sourcecode.swift; path = BTMMyPostViewController.swift; sourceTree = "<group>"; };
		C4AEFCF9248E4B330080904E /* BTMMyFanceFollowViewController.swift */ = {isa = PBXFileReference; lastKnownFileType = sourcecode.swift; path = BTMMyFanceFollowViewController.swift; sourceTree = "<group>"; };
		C4FDACA3249E2B7A0095F1E3 /* MainPostCell.swift */ = {isa = PBXFileReference; lastKnownFileType = sourcecode.swift; path = MainPostCell.swift; sourceTree = "<group>"; };
		C4FDACA4249E2B7A0095F1E3 /* MainPostCell.xib */ = {isa = PBXFileReference; lastKnownFileType = file.xib; path = MainPostCell.xib; sourceTree = "<group>"; };
		C4FDACA8249EF1F60095F1E3 /* PostBannerImageCell.swift */ = {isa = PBXFileReference; lastKnownFileType = sourcecode.swift; path = PostBannerImageCell.swift; sourceTree = "<group>"; };
		C4FDACA9249EF1F60095F1E3 /* PostBannerImageCell.xib */ = {isa = PBXFileReference; lastKnownFileType = file.xib; path = PostBannerImageCell.xib; sourceTree = "<group>"; };
		C4FDACAD249F49010095F1E3 /* MyPictureViewController.swift */ = {isa = PBXFileReference; lastKnownFileType = sourcecode.swift; path = MyPictureViewController.swift; sourceTree = "<group>"; };
		C4FDACAF249F491C0095F1E3 /* MyAddressViewController.swift */ = {isa = PBXFileReference; lastKnownFileType = sourcecode.swift; path = MyAddressViewController.swift; sourceTree = "<group>"; };
		C4FDACB1249F49380095F1E3 /* MyFriendsViewController.swift */ = {isa = PBXFileReference; lastKnownFileType = sourcecode.swift; path = MyFriendsViewController.swift; sourceTree = "<group>"; };
		C4FDACB3249F49500095F1E3 /* MyMessageViewController.swift */ = {isa = PBXFileReference; lastKnownFileType = sourcecode.swift; path = MyMessageViewController.swift; sourceTree = "<group>"; };
		C4FDACB5249F4A9F0095F1E3 /* MySettingViewController.swift */ = {isa = PBXFileReference; lastKnownFileType = sourcecode.swift; path = MySettingViewController.swift; sourceTree = "<group>"; };
		C4FDACBC249FB5610095F1E3 /* DynamicCollectionViewCell.swift */ = {isa = PBXFileReference; lastKnownFileType = sourcecode.swift; path = DynamicCollectionViewCell.swift; sourceTree = "<group>"; };
		C4FDACBD249FB5610095F1E3 /* DynamicCollectionViewCell.xib */ = {isa = PBXFileReference; lastKnownFileType = file.xib; path = DynamicCollectionViewCell.xib; sourceTree = "<group>"; };
		DCA72CBB041D702BBAC53701 /* Pods-swiftTemplate.release.xcconfig */ = {isa = PBXFileReference; includeInIndex = 1; lastKnownFileType = text.xcconfig; name = "Pods-swiftTemplate.release.xcconfig"; path = "Target Support Files/Pods-swiftTemplate/Pods-swiftTemplate.release.xcconfig"; sourceTree = "<group>"; };
/* End PBXFileReference section */

/* Begin PBXFrameworksBuildPhase section */
		C402401D2480193B00F715DC /* Frameworks */ = {
			isa = PBXFrameworksBuildPhase;
			buildActionMask = 2147483647;
			files = (
				C9AF910697E673BF178A1F0E /* Pods_swiftTemplate.framework in Frameworks */,
			);
			runOnlyForDeploymentPostprocessing = 0;
		};
/* End PBXFrameworksBuildPhase section */

/* Begin PBXGroup section */
		49A6E2948569C03F95C3542B /* Pods */ = {
			isa = PBXGroup;
			children = (
				1E5E45611692D9DB9FE0A5CE /* Pods-swiftTemplate.debug.xcconfig */,
				DCA72CBB041D702BBAC53701 /* Pods-swiftTemplate.release.xcconfig */,
			);
			path = Pods;
			sourceTree = "<group>";
		};
		915766F5D0335407DAEA349C /* Frameworks */ = {
			isa = PBXGroup;
			children = (
				96C494185AD3E08D4C8C3503 /* Pods_swiftTemplate.framework */,
			);
			name = Frameworks;
			sourceTree = "<group>";
		};
		C40240172480193B00F715DC = {
			isa = PBXGroup;
			children = (
				C40240222480193B00F715DC /* swiftTemplate */,
				C40240212480193B00F715DC /* Products */,
				49A6E2948569C03F95C3542B /* Pods */,
				915766F5D0335407DAEA349C /* Frameworks */,
			);
			sourceTree = "<group>";
		};
		C40240212480193B00F715DC /* Products */ = {
			isa = PBXGroup;
			children = (
				C40240202480193B00F715DC /* swiftTemplate.app */,
			);
			name = Products;
			sourceTree = "<group>";
		};
		C40240222480193B00F715DC /* swiftTemplate */ = {
			isa = PBXGroup;
			children = (
				C43157EF2483DF200034A74E /* cell */,
				C43157D1248399BB0034A74E /* base */,
				C402404C248394BF00F715DC /* extension */,
				C402404A248394B100F715DC /* vc */,
				C4024047248392E000F715DC /* bean */,
				C402404224838BCB00F715DC /* http */,
				C402403D248381A900F715DC /* help */,
				C402403A248164C500F715DC /* coredata */,
				C44E81CF24A38295000BD888 /* storyboard */,
				C40240232480193B00F715DC /* AppDelegate.swift */,
				C40240272480193B00F715DC /* ViewController.swift */,
				C44E81D124A38A29000BD888 /* NewLogin.storyboard */,
				C40240292480193B00F715DC /* Main.storyboard */,
				C402402F2480193E00F715DC /* Assets.xcassets */,
				C40240312480193E00F715DC /* LaunchScreen.storyboard */,
				C40240342480193E00F715DC /* Info.plist */,
				C402402C2480193B00F715DC /* swiftTemplate.xcdatamodeld */,
			);
			path = swiftTemplate;
			sourceTree = "<group>";
		};
		C402403A248164C500F715DC /* coredata */ = {
			isa = PBXGroup;
			children = (
				C402403B248164E300F715DC /* CoreDataManager.swift */,
			);
			path = coredata;
			sourceTree = "<group>";
		};
		C402403D248381A900F715DC /* help */ = {
			isa = PBXGroup;
			children = (
				C402403E248381BE00F715DC /* Constant.swift */,
				C43157E72483A47D0034A74E /* KeychainManager.swift */,
				C43157E92483AF570034A74E /* TextUntils.swift */,
				C43157ED2483DA810034A74E /* UserInfoHelper.swift */,
				C4AEFCF3248CBAC60080904E /* PermissionHelper.swift */,
			);
			path = help;
			sourceTree = "<group>";
		};
		C402404224838BCB00F715DC /* http */ = {
			isa = PBXGroup;
			children = (
				C402404024838BC300F715DC /* NetworkService.swift */,
				C4024043248390C800F715DC /* RequestAlertPlugin.swift */,
				C4024045248392A300F715DC /* MyMoyaManager.swift */,
				C43157EB2483B16B0034A74E /* RequestBody.swift */,
			);
			path = http;
			sourceTree = "<group>";
		};
		C4024047248392E000F715DC /* bean */ = {
			isa = PBXGroup;
			children = (
				C4024048248393BC00F715DC /* BaseResponse.swift */,
			);
			path = bean;
			sourceTree = "<group>";
		};
		C402404A248394B100F715DC /* vc */ = {
			isa = PBXGroup;
			children = (
				C44E81C824A37C83000BD888 /* home */,
				C4AEB2FE24985F7700196DAE /* post */,
				C43157DE24839C720034A74E /* loginregister */,
				C402404B248394B800F715DC /* tab */,
			);
			path = vc;
			sourceTree = "<group>";
		};
		C402404B248394B800F715DC /* tab */ = {
			isa = PBXGroup;
			children = (
				C4AEB3082498A6DA00196DAE /* fance */,
				C4AEFCDF248C925A0080904E /* mine */,
				C43157DA24839C580034A74E /* TabHomeViewController.swift */,
				C43157DC24839C670034A74E /* TabMineViewController.swift */,
				C43FDF7A248E88C30023E3F2 /* TabFriendsViewController.swift */,
				C43FDF7C248E89170023E3F2 /* TabDynamicViewController.swift */,
			);
			path = tab;
			sourceTree = "<group>";
		};
		C402404C248394BF00F715DC /* extension */ = {
			isa = PBXGroup;
			children = (
				C44E81CD24A38006000BD888 /* sdc.gif */,
				C402404D248394E200F715DC /* ext.swift */,
				C43157CC2483991E0034A74E /* swiftTemplate-Bridging-Header.h */,
				C43157CE2483994F0034A74E /* CALayer+MyColor.m */,
				C43157D0248399690034A74E /* CALayer+MyColor.h */,
				C4AEB30624986C0400196DAE /* CollectionViewLeftFlowLayout.swift */,
			);
			path = extension;
			sourceTree = "<group>";
		};
		C4206F21248FFBF800F4537C /* fance */ = {
			isa = PBXGroup;
			children = (
				C4206F22248FFC2900F4537C /* FanceORFollowCell.swift */,
				C4206F23248FFC2900F4537C /* FanceORFollowCell.xib */,
				C44E81C324A367D3000BD888 /* FanceInfoHeaderCell.swift */,
				C44E81C424A367D3000BD888 /* FanceInfoHeaderCell.xib */,
			);
			path = fance;
			sourceTree = "<group>";
		};
		C43157D1248399BB0034A74E /* base */ = {
			isa = PBXGroup;
			children = (
				C43157D2248399FE0034A74E /* BaseViewController.swift */,
				C43157D424839AC30034A74E /* BaseTabViewController.swift */,
				C43157D624839BDB0034A74E /* MainTabController.swift */,
				C43157D824839C290034A74E /* FlashScreenViewController.swift */,
			);
			path = base;
			sourceTree = "<group>";
		};
		C43157DE24839C720034A74E /* loginregister */ = {
			isa = PBXGroup;
			children = (
				C43157DF24839C880034A74E /* LoginViewController.swift */,
				C43157E124839C960034A74E /* RegisterViewController.swift */,
				C43157E324839CAB0034A74E /* AboutUsViewController.swift */,
				C43157E52483A1F60034A74E /* LoginNavViewController.swift */,
			);
			path = loginregister;
			sourceTree = "<group>";
		};
		C43157EF2483DF200034A74E /* cell */ = {
			isa = PBXGroup;
			children = (
				C4FDACB7249FB0E20095F1E3 /* dynamic */,
				C4AEB301249863BD00196DAE /* post */,
				C4AEFCD6248BF07C0080904E /* mine */,
				C43157F02483DF270034A74E /* home */,
			);
			path = cell;
			sourceTree = "<group>";
		};
		C43157F02483DF270034A74E /* home */ = {
			isa = PBXGroup;
			children = (
				C43157F12483DF5B0034A74E /* TabHomeNovelCell.swift */,
				C43157F22483DF5B0034A74E /* TabHomeNovelCell.xib */,
			);
			path = home;
			sourceTree = "<group>";
		};
		C44E81C824A37C83000BD888 /* home */ = {
			isa = PBXGroup;
			children = (
				C44E81C924A37CA3000BD888 /* ScanQrcodeViewController.swift */,
			);
			path = home;
			sourceTree = "<group>";
		};
		C44E81CF24A38295000BD888 /* storyboard */ = {
			isa = PBXGroup;
			children = (
			);
			path = storyboard;
			sourceTree = "<group>";
		};
		C4AEB2FE24985F7700196DAE /* post */ = {
			isa = PBXGroup;
			children = (
				C4AEB2FF24985F9D00196DAE /* SendPostViewController.swift */,
			);
			path = post;
			sourceTree = "<group>";
		};
		C4AEB301249863BD00196DAE /* post */ = {
			isa = PBXGroup;
			children = (
				C4FDACA7249EF1CC0095F1E3 /* bannercell */,
				C4AEB302249863EF00196DAE /* UploadImageCollectionViewCell.swift */,
				C4AEB303249863EF00196DAE /* UploadImageCollectionViewCell.xib */,
				C4FDACA3249E2B7A0095F1E3 /* MainPostCell.swift */,
				C4FDACA4249E2B7A0095F1E3 /* MainPostCell.xib */,
			);
			path = post;
			sourceTree = "<group>";
		};
		C4AEB3082498A6DA00196DAE /* fance */ = {
			isa = PBXGroup;
			children = (
				C4AEB30B2498A7B500196DAE /* FancesInfoViewController.swift */,
			);
			path = fance;
			sourceTree = "<group>";
		};
		C4AEFCD6248BF07C0080904E /* mine */ = {
			isa = PBXGroup;
			children = (
				C4206F21248FFBF800F4537C /* fance */,
				C4AEFCE6248CA97F0080904E /* userinfo */,
				C4AEFCD7248BF09E0080904E /* MineItemViewCell.swift */,
				C4AEFCD8248BF09E0080904E /* MineItemViewCell.xib */,
				C4AEFCDB248BF0BD0080904E /* MineUserInfoViewCell.swift */,
				C4AEFCDC248BF0BD0080904E /* MineUserInfoViewCell.xib */,
				C4AEFCEF248CACE30080904E /* BTMCleanHeader.swift */,
				C4AEFCF1248CAD070080904E /* BTMCleanHeader.xib */,
			);
			path = mine;
			sourceTree = "<group>";
		};
		C4AEFCDF248C925A0080904E /* mine */ = {
			isa = PBXGroup;
			children = (
				C4FDACAC249F48B30095F1E3 /* mineitems */,
				C4AEFCE0248C92D40080904E /* BTMMineEdUserController.swift */,
				C4AEFCE2248C92F50080904E /* BTMMinePostController.swift */,
				C4AEFCE4248CA8160080904E /* BTMUserInfoController.swift */,
				C4AEFCF5248E48C30080904E /* BTMMyPostViewController.swift */,
				C4AEFCF9248E4B330080904E /* BTMMyFanceFollowViewController.swift */,
				C44E81BD24A33AE9000BD888 /* BTMMyQRCodeViewController.swift */,
			);
			path = mine;
			sourceTree = "<group>";
		};
		C4AEFCE6248CA97F0080904E /* userinfo */ = {
			isa = PBXGroup;
			children = (
				C4AEFCE7248CAA310080904E /* BTMUserIconCell.swift */,
				C4AEFCE8248CAA310080904E /* BTMUserIconCell.xib */,
				C4AEFCEB248CAB620080904E /* BTMUserItemCell.swift */,
				C4AEFCEC248CAB620080904E /* BTMUserItemCell.xib */,
			);
			path = userinfo;
			sourceTree = "<group>";
		};
		C4FDACA7249EF1CC0095F1E3 /* bannercell */ = {
			isa = PBXGroup;
			children = (
				C4FDACA8249EF1F60095F1E3 /* PostBannerImageCell.swift */,
				C4FDACA9249EF1F60095F1E3 /* PostBannerImageCell.xib */,
			);
			path = bannercell;
			sourceTree = "<group>";
		};
		C4FDACAC249F48B30095F1E3 /* mineitems */ = {
			isa = PBXGroup;
			children = (
				C4FDACAD249F49010095F1E3 /* MyPictureViewController.swift */,
				C4FDACAF249F491C0095F1E3 /* MyAddressViewController.swift */,
				C4FDACB1249F49380095F1E3 /* MyFriendsViewController.swift */,
				C4FDACB3249F49500095F1E3 /* MyMessageViewController.swift */,
				C4FDACB5249F4A9F0095F1E3 /* MySettingViewController.swift */,
			);
			path = mineitems;
			sourceTree = "<group>";
		};
		C4FDACB7249FB0E20095F1E3 /* dynamic */ = {
			isa = PBXGroup;
			children = (
				C4FDACBC249FB5610095F1E3 /* DynamicCollectionViewCell.swift */,
				C4FDACBD249FB5610095F1E3 /* DynamicCollectionViewCell.xib */,
			);
			path = dynamic;
			sourceTree = "<group>";
		};
/* End PBXGroup section */

/* Begin PBXNativeTarget section */
		C402401F2480193B00F715DC /* swiftTemplate */ = {
			isa = PBXNativeTarget;
			buildConfigurationList = C40240372480193E00F715DC /* Build configuration list for PBXNativeTarget "swiftTemplate" */;
			buildPhases = (
				8E0F59E1CD064C7F40E1EE6F /* [CP] Check Pods Manifest.lock */,
				C402401C2480193B00F715DC /* Sources */,
				C402401D2480193B00F715DC /* Frameworks */,
				C402401E2480193B00F715DC /* Resources */,
				7201C572C4BE31E11BA33BD1 /* [CP] Embed Pods Frameworks */,
			);
			buildRules = (
			);
			dependencies = (
			);
			name = swiftTemplate;
			productName = swiftTemplate;
			productReference = C40240202480193B00F715DC /* swiftTemplate.app */;
			productType = "com.apple.product-type.application";
		};
/* End PBXNativeTarget section */

/* Begin PBXProject section */
		C40240182480193B00F715DC /* Project object */ = {
			isa = PBXProject;
			attributes = {
				CLASSPREFIX = BTM;
				LastSwiftUpdateCheck = 1150;
				LastUpgradeCheck = 1150;
				ORGANIZATIONNAME = "波王";
				TargetAttributes = {
					C402401F2480193B00F715DC = {
						CreatedOnToolsVersion = 11.5;
						LastSwiftMigration = 1150;
					};
				};
			};
			buildConfigurationList = C402401B2480193B00F715DC /* Build configuration list for PBXProject "swiftTemplate" */;
			compatibilityVersion = "Xcode 9.3";
			developmentRegion = en;
			hasScannedForEncodings = 0;
			knownRegions = (
				en,
				Base,
			);
			mainGroup = C40240172480193B00F715DC;
			productRefGroup = C40240212480193B00F715DC /* Products */;
			projectDirPath = "";
			projectRoot = "";
			targets = (
				C402401F2480193B00F715DC /* swiftTemplate */,
			);
		};
/* End PBXProject section */

/* Begin PBXResourcesBuildPhase section */
		C402401E2480193B00F715DC /* Resources */ = {
			isa = PBXResourcesBuildPhase;
			buildActionMask = 2147483647;
			files = (
				C44E81C624A367D3000BD888 /* FanceInfoHeaderCell.xib in Resources */,
				C4AEFCEA248CAA310080904E /* BTMUserIconCell.xib in Resources */,
				C40240332480193E00F715DC /* LaunchScreen.storyboard in Resources */,
				C4FDACAB249EF1F60095F1E3 /* PostBannerImageCell.xib in Resources */,
				C43157F42483DF5B0034A74E /* TabHomeNovelCell.xib in Resources */,
				C44E81CE24A38006000BD888 /* sdc.gif in Resources */,
				C4AEB305249863EF00196DAE /* UploadImageCollectionViewCell.xib in Resources */,
				C40240302480193E00F715DC /* Assets.xcassets in Resources */,
				C402402B2480193B00F715DC /* Main.storyboard in Resources */,
				C4FDACBF249FB5610095F1E3 /* DynamicCollectionViewCell.xib in Resources */,
				C44E81D224A38A29000BD888 /* NewLogin.storyboard in Resources */,
				C4206F25248FFC2900F4537C /* FanceORFollowCell.xib in Resources */,
				C4FDACA6249E2B7A0095F1E3 /* MainPostCell.xib in Resources */,
				C4AEFCEE248CAB620080904E /* BTMUserItemCell.xib in Resources */,
				C4AEFCF2248CAD070080904E /* BTMCleanHeader.xib in Resources */,
				C4AEFCDE248BF0BD0080904E /* MineUserInfoViewCell.xib in Resources */,
				C4AEFCDA248BF09E0080904E /* MineItemViewCell.xib in Resources */,
			);
			runOnlyForDeploymentPostprocessing = 0;
		};
/* End PBXResourcesBuildPhase section */

/* Begin PBXShellScriptBuildPhase section */
		7201C572C4BE31E11BA33BD1 /* [CP] Embed Pods Frameworks */ = {
			isa = PBXShellScriptBuildPhase;
			buildActionMask = 2147483647;
			files = (
			);
			inputFileListPaths = (
				"${PODS_ROOT}/Target Support Files/Pods-swiftTemplate/Pods-swiftTemplate-frameworks-${CONFIGURATION}-input-files.xcfilelist",
			);
			name = "[CP] Embed Pods Frameworks";
			outputFileListPaths = (
				"${PODS_ROOT}/Target Support Files/Pods-swiftTemplate/Pods-swiftTemplate-frameworks-${CONFIGURATION}-output-files.xcfilelist",
			);
			runOnlyForDeploymentPostprocessing = 0;
			shellPath = /bin/sh;
			shellScript = "\"${PODS_ROOT}/Target Support Files/Pods-swiftTemplate/Pods-swiftTemplate-frameworks.sh\"\n";
			showEnvVarsInLog = 0;
		};
		8E0F59E1CD064C7F40E1EE6F /* [CP] Check Pods Manifest.lock */ = {
			isa = PBXShellScriptBuildPhase;
			buildActionMask = 2147483647;
			files = (
			);
			inputFileListPaths = (
			);
			inputPaths = (
				"${PODS_PODFILE_DIR_PATH}/Podfile.lock",
				"${PODS_ROOT}/Manifest.lock",
			);
			name = "[CP] Check Pods Manifest.lock";
			outputFileListPaths = (
			);
			outputPaths = (
				"$(DERIVED_FILE_DIR)/Pods-swiftTemplate-checkManifestLockResult.txt",
			);
			runOnlyForDeploymentPostprocessing = 0;
			shellPath = /bin/sh;
			shellScript = "diff \"${PODS_PODFILE_DIR_PATH}/Podfile.lock\" \"${PODS_ROOT}/Manifest.lock\" > /dev/null\nif [ $? != 0 ] ; then\n    # print error to STDERR\n    echo \"error: The sandbox is not in sync with the Podfile.lock. Run 'pod install' or update your CocoaPods installation.\" >&2\n    exit 1\nfi\n# This output is used by Xcode 'outputs' to avoid re-running this script phase.\necho \"SUCCESS\" > \"${SCRIPT_OUTPUT_FILE_0}\"\n";
			showEnvVarsInLog = 0;
		};
/* End PBXShellScriptBuildPhase section */

/* Begin PBXSourcesBuildPhase section */
		C402401C2480193B00F715DC /* Sources */ = {
			isa = PBXSourcesBuildPhase;
			buildActionMask = 2147483647;
			files = (
				C4FDACB2249F49380095F1E3 /* MyFriendsViewController.swift in Sources */,
				C4AEFCDD248BF0BD0080904E /* MineUserInfoViewCell.swift in Sources */,
				C43157E424839CAB0034A74E /* AboutUsViewController.swift in Sources */,
				C43157E024839C880034A74E /* LoginViewController.swift in Sources */,
				C43157CF2483994F0034A74E /* CALayer+MyColor.m in Sources */,
				C4AEFCED248CAB620080904E /* BTMUserItemCell.swift in Sources */,
				C4FDACAA249EF1F60095F1E3 /* PostBannerImageCell.swift in Sources */,
				C4AEB30724986C0400196DAE /* CollectionViewLeftFlowLayout.swift in Sources */,
				C43157D924839C290034A74E /* FlashScreenViewController.swift in Sources */,
				C4024049248393BC00F715DC /* BaseResponse.swift in Sources */,
				C4FDACAE249F49010095F1E3 /* MyPictureViewController.swift in Sources */,
				C43157E224839C960034A74E /* RegisterViewController.swift in Sources */,
				C4AEFCE5248CA8160080904E /* BTMUserInfoController.swift in Sources */,
				C43157D724839BDB0034A74E /* MainTabController.swift in Sources */,
				C44E81BE24A33AE9000BD888 /* BTMMyQRCodeViewController.swift in Sources */,
				C44E81CB24A37CA3000BD888 /* ScanQrcodeViewController.swift in Sources */,
				C40240282480193B00F715DC /* ViewController.swift in Sources */,
				C43157DB24839C580034A74E /* TabHomeViewController.swift in Sources */,
				C402404E248394E200F715DC /* ext.swift in Sources */,
				C43157EE2483DA810034A74E /* UserInfoHelper.swift in Sources */,
				C4FDACB6249F4A9F0095F1E3 /* MySettingViewController.swift in Sources */,
				C4FDACB0249F491C0095F1E3 /* MyAddressViewController.swift in Sources */,
				C4AEB30024985F9D00196DAE /* SendPostViewController.swift in Sources */,
				C4AEFCE1248C92D40080904E /* BTMMineEdUserController.swift in Sources */,
				C4FDACA5249E2B7A0095F1E3 /* MainPostCell.swift in Sources */,
				C43157D524839AC30034A74E /* BaseTabViewController.swift in Sources */,
				C43157EC2483B16B0034A74E /* RequestBody.swift in Sources */,
				C4FDACBE249FB5610095F1E3 /* DynamicCollectionViewCell.swift in Sources */,
				C40240242480193B00F715DC /* AppDelegate.swift in Sources */,
				C43FDF7B248E88C30023E3F2 /* TabFriendsViewController.swift in Sources */,
				C43157D3248399FE0034A74E /* BaseViewController.swift in Sources */,
				C4AEFCFA248E4B330080904E /* BTMMyFanceFollowViewController.swift in Sources */,
				C402403F248381BE00F715DC /* Constant.swift in Sources */,
				C402403C248164E300F715DC /* CoreDataManager.swift in Sources */,
				C43157DD24839C670034A74E /* TabMineViewController.swift in Sources */,
				C4AEFCD9248BF09E0080904E /* MineItemViewCell.swift in Sources */,
				C43157EA2483AF570034A74E /* TextUntils.swift in Sources */,
				C4AEFCE3248C92F50080904E /* BTMMinePostController.swift in Sources */,
				C4206F24248FFC2900F4537C /* FanceORFollowCell.swift in Sources */,
				C4AEB304249863EF00196DAE /* UploadImageCollectionViewCell.swift in Sources */,
				C402404124838BC300F715DC /* NetworkService.swift in Sources */,
				C4AEB30C2498A7B500196DAE /* FancesInfoViewController.swift in Sources */,
				C4AEFCF6248E48C30080904E /* BTMMyPostViewController.swift in Sources */,
				C44E81C524A367D3000BD888 /* FanceInfoHeaderCell.swift in Sources */,
				C4FDACB4249F49500095F1E3 /* MyMessageViewController.swift in Sources */,
				C43157E82483A47D0034A74E /* KeychainManager.swift in Sources */,
				C43157F32483DF5B0034A74E /* TabHomeNovelCell.swift in Sources */,
				C43FDF7D248E89170023E3F2 /* TabDynamicViewController.swift in Sources */,
				C4AEFCE9248CAA310080904E /* BTMUserIconCell.swift in Sources */,
				C4024046248392A300F715DC /* MyMoyaManager.swift in Sources */,
				C43157E62483A1F60034A74E /* LoginNavViewController.swift in Sources */,
				C402402E2480193B00F715DC /* swiftTemplate.xcdatamodeld in Sources */,
				C4AEFCF4248CBAC60080904E /* PermissionHelper.swift in Sources */,
				C4AEFCF0248CACE30080904E /* BTMCleanHeader.swift in Sources */,
				C4024044248390C800F715DC /* RequestAlertPlugin.swift in Sources */,
			);
			runOnlyForDeploymentPostprocessing = 0;
		};
/* End PBXSourcesBuildPhase section */

/* Begin PBXVariantGroup section */
		C40240292480193B00F715DC /* Main.storyboard */ = {
			isa = PBXVariantGroup;
			children = (
				C402402A2480193B00F715DC /* Base */,
			);
			name = Main.storyboard;
			sourceTree = "<group>";
		};
		C40240312480193E00F715DC /* LaunchScreen.storyboard */ = {
			isa = PBXVariantGroup;
			children = (
				C40240322480193E00F715DC /* Base */,
			);
			name = LaunchScreen.storyboard;
			sourceTree = "<group>";
		};
/* End PBXVariantGroup section */

/* Begin XCBuildConfiguration section */
		C40240352480193E00F715DC /* Debug */ = {
			isa = XCBuildConfiguration;
			buildSettings = {
				ALWAYS_SEARCH_USER_PATHS = NO;
				CLANG_ANALYZER_NONNULL = YES;
				CLANG_ANALYZER_NUMBER_OBJECT_CONVERSION = YES_AGGRESSIVE;
				CLANG_CXX_LANGUAGE_STANDARD = "gnu++14";
				CLANG_CXX_LIBRARY = "libc++";
				CLANG_ENABLE_MODULES = YES;
				CLANG_ENABLE_OBJC_ARC = YES;
				CLANG_ENABLE_OBJC_WEAK = YES;
				CLANG_WARN_BLOCK_CAPTURE_AUTORELEASING = YES;
				CLANG_WARN_BOOL_CONVERSION = YES;
				CLANG_WARN_COMMA = YES;
				CLANG_WARN_CONSTANT_CONVERSION = YES;
				CLANG_WARN_DEPRECATED_OBJC_IMPLEMENTATIONS = YES;
				CLANG_WARN_DIRECT_OBJC_ISA_USAGE = YES_ERROR;
				CLANG_WARN_DOCUMENTATION_COMMENTS = YES;
				CLANG_WARN_EMPTY_BODY = YES;
				CLANG_WARN_ENUM_CONVERSION = YES;
				CLANG_WARN_INFINITE_RECURSION = YES;
				CLANG_WARN_INT_CONVERSION = YES;
				CLANG_WARN_NON_LITERAL_NULL_CONVERSION = YES;
				CLANG_WARN_OBJC_IMPLICIT_RETAIN_SELF = YES;
				CLANG_WARN_OBJC_LITERAL_CONVERSION = YES;
				CLANG_WARN_OBJC_ROOT_CLASS = YES_ERROR;
				CLANG_WARN_RANGE_LOOP_ANALYSIS = YES;
				CLANG_WARN_STRICT_PROTOTYPES = YES;
				CLANG_WARN_SUSPICIOUS_MOVE = YES;
				CLANG_WARN_UNGUARDED_AVAILABILITY = YES_AGGRESSIVE;
				CLANG_WARN_UNREACHABLE_CODE = YES;
				CLANG_WARN__DUPLICATE_METHOD_MATCH = YES;
				COPY_PHASE_STRIP = NO;
				DEBUG_INFORMATION_FORMAT = dwarf;
				ENABLE_STRICT_OBJC_MSGSEND = YES;
				ENABLE_TESTABILITY = YES;
				GCC_C_LANGUAGE_STANDARD = gnu11;
				GCC_DYNAMIC_NO_PIC = NO;
				GCC_NO_COMMON_BLOCKS = YES;
				GCC_OPTIMIZATION_LEVEL = 0;
				GCC_PREPROCESSOR_DEFINITIONS = (
					"DEBUG=1",
					"$(inherited)",
				);
				GCC_WARN_64_TO_32_BIT_CONVERSION = YES;
				GCC_WARN_ABOUT_RETURN_TYPE = YES_ERROR;
				GCC_WARN_UNDECLARED_SELECTOR = YES;
				GCC_WARN_UNINITIALIZED_AUTOS = YES_AGGRESSIVE;
				GCC_WARN_UNUSED_FUNCTION = YES;
				GCC_WARN_UNUSED_VARIABLE = YES;
				IPHONEOS_DEPLOYMENT_TARGET = 13.5;
				MTL_ENABLE_DEBUG_INFO = INCLUDE_SOURCE;
				MTL_FAST_MATH = YES;
				ONLY_ACTIVE_ARCH = YES;
				SDKROOT = iphoneos;
				SWIFT_ACTIVE_COMPILATION_CONDITIONS = DEBUG;
				SWIFT_OPTIMIZATION_LEVEL = "-Onone";
			};
			name = Debug;
		};
		C40240362480193E00F715DC /* Release */ = {
			isa = XCBuildConfiguration;
			buildSettings = {
				ALWAYS_SEARCH_USER_PATHS = NO;
				CLANG_ANALYZER_NONNULL = YES;
				CLANG_ANALYZER_NUMBER_OBJECT_CONVERSION = YES_AGGRESSIVE;
				CLANG_CXX_LANGUAGE_STANDARD = "gnu++14";
				CLANG_CXX_LIBRARY = "libc++";
				CLANG_ENABLE_MODULES = YES;
				CLANG_ENABLE_OBJC_ARC = YES;
				CLANG_ENABLE_OBJC_WEAK = YES;
				CLANG_WARN_BLOCK_CAPTURE_AUTORELEASING = YES;
				CLANG_WARN_BOOL_CONVERSION = YES;
				CLANG_WARN_COMMA = YES;
				CLANG_WARN_CONSTANT_CONVERSION = YES;
				CLANG_WARN_DEPRECATED_OBJC_IMPLEMENTATIONS = YES;
				CLANG_WARN_DIRECT_OBJC_ISA_USAGE = YES_ERROR;
				CLANG_WARN_DOCUMENTATION_COMMENTS = YES;
				CLANG_WARN_EMPTY_BODY = YES;
				CLANG_WARN_ENUM_CONVERSION = YES;
				CLANG_WARN_INFINITE_RECURSION = YES;
				CLANG_WARN_INT_CONVERSION = YES;
				CLANG_WARN_NON_LITERAL_NULL_CONVERSION = YES;
				CLANG_WARN_OBJC_IMPLICIT_RETAIN_SELF = YES;
				CLANG_WARN_OBJC_LITERAL_CONVERSION = YES;
				CLANG_WARN_OBJC_ROOT_CLASS = YES_ERROR;
				CLANG_WARN_RANGE_LOOP_ANALYSIS = YES;
				CLANG_WARN_STRICT_PROTOTYPES = YES;
				CLANG_WARN_SUSPICIOUS_MOVE = YES;
				CLANG_WARN_UNGUARDED_AVAILABILITY = YES_AGGRESSIVE;
				CLANG_WARN_UNREACHABLE_CODE = YES;
				CLANG_WARN__DUPLICATE_METHOD_MATCH = YES;
				COPY_PHASE_STRIP = NO;
				DEBUG_INFORMATION_FORMAT = "dwarf-with-dsym";
				ENABLE_NS_ASSERTIONS = NO;
				ENABLE_STRICT_OBJC_MSGSEND = YES;
				GCC_C_LANGUAGE_STANDARD = gnu11;
				GCC_NO_COMMON_BLOCKS = YES;
				GCC_WARN_64_TO_32_BIT_CONVERSION = YES;
				GCC_WARN_ABOUT_RETURN_TYPE = YES_ERROR;
				GCC_WARN_UNDECLARED_SELECTOR = YES;
				GCC_WARN_UNINITIALIZED_AUTOS = YES_AGGRESSIVE;
				GCC_WARN_UNUSED_FUNCTION = YES;
				GCC_WARN_UNUSED_VARIABLE = YES;
				IPHONEOS_DEPLOYMENT_TARGET = 13.5;
				MTL_ENABLE_DEBUG_INFO = NO;
				MTL_FAST_MATH = YES;
				SDKROOT = iphoneos;
				SWIFT_COMPILATION_MODE = wholemodule;
				SWIFT_OPTIMIZATION_LEVEL = "-O";
				VALIDATE_PRODUCT = YES;
			};
			name = Release;
		};
		C40240382480193E00F715DC /* Debug */ = {
			isa = XCBuildConfiguration;
			baseConfigurationReference = 1E5E45611692D9DB9FE0A5CE /* Pods-swiftTemplate.debug.xcconfig */;
			buildSettings = {
				ASSETCATALOG_COMPILER_APPICON_NAME = AppIcon;
				CLANG_ENABLE_MODULES = YES;
				CODE_SIGN_STYLE = Automatic;
				DEVELOPMENT_TEAM = W7BB6FVMMB;
				INFOPLIST_FILE = swiftTemplate/Info.plist;
				LD_RUNPATH_SEARCH_PATHS = (
					"$(inherited)",
					"@executable_path/Frameworks",
				);
				PRODUCT_BUNDLE_IDENTIFIER = com.90btm.myapplication.swiftTemplate;
				PRODUCT_NAME = "$(TARGET_NAME)";
				SWIFT_OBJC_BRIDGING_HEADER = "swiftTemplate/extension/swiftTemplate-Bridging-Header.h";
				SWIFT_OPTIMIZATION_LEVEL = "-Onone";
				SWIFT_VERSION = 5.0;
				TARGETED_DEVICE_FAMILY = 1;
			};
			name = Debug;
		};
		C40240392480193E00F715DC /* Release */ = {
			isa = XCBuildConfiguration;
			baseConfigurationReference = DCA72CBB041D702BBAC53701 /* Pods-swiftTemplate.release.xcconfig */;
			buildSettings = {
				ASSETCATALOG_COMPILER_APPICON_NAME = AppIcon;
				CLANG_ENABLE_MODULES = YES;
				CODE_SIGN_STYLE = Automatic;
				DEVELOPMENT_TEAM = W7BB6FVMMB;
				INFOPLIST_FILE = swiftTemplate/Info.plist;
				LD_RUNPATH_SEARCH_PATHS = (
					"$(inherited)",
					"@executable_path/Frameworks",
				);
				PRODUCT_BUNDLE_IDENTIFIER = com.90btm.myapplication.swiftTemplate;
				PRODUCT_NAME = "$(TARGET_NAME)";
				SWIFT_OBJC_BRIDGING_HEADER = "swiftTemplate/extension/swiftTemplate-Bridging-Header.h";
				SWIFT_VERSION = 5.0;
				TARGETED_DEVICE_FAMILY = 1;
			};
			name = Release;
		};
/* End XCBuildConfiguration section */

/* Begin XCConfigurationList section */
		C402401B2480193B00F715DC /* Build configuration list for PBXProject "swiftTemplate" */ = {
			isa = XCConfigurationList;
			buildConfigurations = (
				C40240352480193E00F715DC /* Debug */,
				C40240362480193E00F715DC /* Release */,
			);
			defaultConfigurationIsVisible = 0;
			defaultConfigurationName = Release;
		};
		C40240372480193E00F715DC /* Build configuration list for PBXNativeTarget "swiftTemplate" */ = {
			isa = XCConfigurationList;
			buildConfigurations = (
				C40240382480193E00F715DC /* Debug */,
				C40240392480193E00F715DC /* Release */,
			);
			defaultConfigurationIsVisible = 0;
			defaultConfigurationName = Release;
		};
/* End XCConfigurationList section */

/* Begin XCVersionGroup section */
		C402402C2480193B00F715DC /* swiftTemplate.xcdatamodeld */ = {
			isa = XCVersionGroup;
			children = (
				C402402D2480193B00F715DC /* swiftTemplate.xcdatamodel */,
			);
			currentVersion = C402402D2480193B00F715DC /* swiftTemplate.xcdatamodel */;
			path = swiftTemplate.xcdatamodeld;
			sourceTree = "<group>";
			versionGroupType = wrapper.xcdatamodel;
		};
/* End XCVersionGroup section */
	};
	rootObject = C40240182480193B00F715DC /* Project object */;
}
